
Microsoft Visual Studio Solution File, Format Version 12.00
# Visual Studio 15
VisualStudioVersion = 15.0.28307.271
MinimumVisualStudioVersion = 10.0.40219.1
Project("{8BC9CEB8-8B4A-11D0-8D11-00A0C91BC942}") = "DataStructureTextBook", "DataStructureTextBook\DataStructureTextBook.vcxproj", "{69E3DE50-0946-4B6A-AC21-CFACD13659D8}"
EndProject
Project("{8BC9CEB8-8B4A-11D0-8D11-00A0C91BC942}") = "DataStructureTextBook-UnitTest", "DataStructureTextBook-UnitTest\DataStructureTextBook-UnitTest.vcxproj", "{07B471CD-B670-448E-BE35-871B5CA728E6}"
EndProject
Global
	GlobalSection(SolutionConfigurationPlatforms) = preSolution
		Debug|x64 = Debug|x64
		Debug|x86 = Debug|x86
		Release|x64 = Release|x64
		Release|x86 = Release|x86
	EndGlobalSection
	GlobalSection(ProjectConfigurationPlatforms) = postSolution
		{69E3DE50-0946-4B6A-AC21-CFACD13659D8}.Debug|x64.ActiveCfg = Debug|x64
		{69E3DE50-0946-4B6A-AC21-CFACD13659D8}.Debug|x64.Build.0 = Debug|x64
		{69E3DE50-0946-4B6A-AC21-CFACD13659D8}.Debug|x86.ActiveCfg = Debug|Win32
		{69E3DE50-0946-4B6A-AC21-CFACD13659D8}.Debug|x86.Build.0 = Debug|Win32
		{69E3DE50-0946-4B6A-AC21-CFACD13659D8}.Release|x64.ActiveCfg = Release|x64
		{69E3DE50-0946-4B6A-AC21-CFACD13659D8}.Release|x64.Build.0 = Release|x64
		{69E3DE50-0946-4B6A-AC21-CFACD13659D8}.Release|x86.ActiveCfg = Release|Win32
		{69E3DE50-0946-4B6A-AC21-CFACD13659D8}.Release|x86.Build.0 = Release|Win32
		{07B471CD-B670-448E-BE35-871B5CA728E6}.Debug|x64.ActiveCfg = Debug|x64
		{07B471CD-B670-448E-BE35-871B5CA728E6}.Debug|x64.Build.0 = Debug|x64
		{07B471CD-B670-448E-BE35-871B5CA728E6}.Debug|x86.ActiveCfg = Debug|Win32
		{07B471CD-B670-448E-BE35-871B5CA728E6}.Debug|x86.Build.0 = Debug|Win32
		{07B471CD-B670-448E-BE35-871B5CA728E6}.Release|x64.ActiveCfg = Release|x64
		{07B471CD-B670-448E-BE35-871B5CA728E6}.Release|x64.Build.0 = Release|x64
		{07B471CD-B670-448E-BE35-871B5CA728E6}.Release|x86.ActiveCfg = Release|Win32
		{07B471CD-B670-448E-BE35-871B5CA728E6}.Release|x86.Build.0 = Release|Win32
	EndGlobalSection
	GlobalSection(SolutionProperties) = preSolution
		HideSolutionNode = FALSE
	EndGlobalSection
	GlobalSection(ExtensibilityGlobals) = postSolution
		SolutionGuid = {19C1BFB3-3D7C-488B-9FD8-970918D2CF01}
	EndGlobalSection
EndGlobal
